
Microsoft Visual Studio Solution File, Format Version 12.00
# Visual Studio Version 17
VisualStudioVersion = 17.6.33829.357
MinimumVisualStudioVersion = 10.0.40219.1
Project("{FAE04EC0-301F-11D3-BF4B-00C04F79EFBC}") = "Aplicação para oçamento", "Aplicação para oçamento\Aplicação para oçamento.csproj", "{55B11C29-1622-4F8D-87BE-303A162A08DF}"
EndProject
Global
	GlobalSection(SolutionConfigurationPlatforms) = preSolution
		Debug|Any CPU = Debug|Any CPU
		Release|Any CPU = Release|Any CPU
	EndGlobalSection
	GlobalSection(ProjectConfigurationPlatforms) = postSolution
		{55B11C29-1622-4F8D-87BE-303A162A08DF}.Debug|Any CPU.ActiveCfg = Debug|Any CPU
		{55B11C29-1622-4F8D-87BE-303A162A08DF}.Debug|Any CPU.Build.0 = Debug|Any CPU
		{55B11C29-1622-4F8D-87BE-303A162A08DF}.Release|Any CPU.ActiveCfg = Release|Any CPU
		{55B11C29-1622-4F8D-87BE-303A162A08DF}.Release|Any CPU.Build.0 = Release|Any CPU
	EndGlobalSection
	GlobalSection(SolutionProperties) = preSolution
		HideSolutionNode = FALSE
	EndGlobalSection
	GlobalSection(ExtensibilityGlobals) = postSolution
		SolutionGuid = {E2D7F79E-1059-4AA7-B13A-34C965B986D9}
	EndGlobalSection
EndGlobal
